# This file is automatically @generated by Cargo.
# It is not intended for manual editing.
version = 4

[[package]]
name = "git-slides"
version = "0.4.1"
dependencies = [
 "lessify",
]

[[package]]
name = "lessify"
version = "0.3.1"
source = "registry+https://github.com/rust-lang/crates.io-index"
checksum = "a6cbf88b0a279209761e4db002610eba66a2662ad4f11ae27079238b548ad64e"
